# This file is automatically @generated by Cargo.
# It is not intended for manual editing.
version = 4

[[package]]
name = "ensembly-core"
version = "0.1.0"

[[package]]
name = "ensembly-shell"
version = "0.1.0"

[[package]]
name = "ensembly-types"
version = "0.1.0"

[[package]]
name = "hello-display"
version = "0.1.0"

[[package]]
name = "hello-feature"
version = "0.1.0"
